
Microsoft Visual Studio Solution File, Format Version 12.00
# Visual Studio Version 17
VisualStudioVersion = 17.0.31903.59
MinimumVisualStudioVersion = 10.0.40219.1
Project("{FAE04EC0-301F-11D3-BF4B-00C04F79EFBC}") = "ZasAndDasWeb", "ZasAndDasWeb\ZasAndDasWeb.csproj", "{95F204E2-6F73-410D-A275-C4B078F713E6}"
EndProject
Project("{FAE04EC0-301F-11D3-BF4B-00C04F79EFBC}") = "ZasAndDasAPI", "ZasAndDasAPI\ZasAndDasAPI.csproj", "{A9F518DF-477F-40D9-B8A1-0A6E11CCA62A}"
EndProject
Project("{FAE04EC0-301F-11D3-BF4B-00C04F79EFBC}") = "ZasAndDasMobile", "ZasAndDasMobile\ZasAndDasMobile.csproj", "{BC7081B1-F7FE-4B84-B47B-A30F5F55FDD4}"
EndProject
Project("{FAE04EC0-301F-11D3-BF4B-00C04F79EFBC}") = "ZasAndDasMobile.Tests", "ZasAndDasMobile.Tests\ZasAndDasMobile.Tests.csproj", "{625B9646-B45F-4D84-A8BB-3A91F1F7C3CF}"
EndProject
Project("{FAE04EC0-301F-11D3-BF4B-00C04F79EFBC}") = "ZasUndDas.Shared", "ZasUndDas.Shared\ZasUndDas.Shared.csproj", "{B3885BD5-C212-4189-9394-D2D4B8A43F1E}"
EndProject
Global
	GlobalSection(SolutionConfigurationPlatforms) = preSolution
		Debug|Any CPU = Debug|Any CPU
		Release|Any CPU = Release|Any CPU
	EndGlobalSection
	GlobalSection(ProjectConfigurationPlatforms) = postSolution
		{95F204E2-6F73-410D-A275-C4B078F713E6}.Debug|Any CPU.ActiveCfg = Debug|Any CPU
		{95F204E2-6F73-410D-A275-C4B078F713E6}.Debug|Any CPU.Build.0 = Debug|Any CPU
		{95F204E2-6F73-410D-A275-C4B078F713E6}.Release|Any CPU.ActiveCfg = Release|Any CPU
		{95F204E2-6F73-410D-A275-C4B078F713E6}.Release|Any CPU.Build.0 = Release|Any CPU
		{A9F518DF-477F-40D9-B8A1-0A6E11CCA62A}.Debug|Any CPU.ActiveCfg = Debug|Any CPU
		{A9F518DF-477F-40D9-B8A1-0A6E11CCA62A}.Debug|Any CPU.Build.0 = Debug|Any CPU
		{A9F518DF-477F-40D9-B8A1-0A6E11CCA62A}.Release|Any CPU.ActiveCfg = Release|Any CPU
		{A9F518DF-477F-40D9-B8A1-0A6E11CCA62A}.Release|Any CPU.Build.0 = Release|Any CPU
		{BC7081B1-F7FE-4B84-B47B-A30F5F55FDD4}.Debug|Any CPU.ActiveCfg = Debug|Any CPU
		{BC7081B1-F7FE-4B84-B47B-A30F5F55FDD4}.Debug|Any CPU.Build.0 = Debug|Any CPU
		{BC7081B1-F7FE-4B84-B47B-A30F5F55FDD4}.Release|Any CPU.ActiveCfg = Release|Any CPU
		{BC7081B1-F7FE-4B84-B47B-A30F5F55FDD4}.Release|Any CPU.Build.0 = Release|Any CPU
		{625B9646-B45F-4D84-A8BB-3A91F1F7C3CF}.Debug|Any CPU.ActiveCfg = Debug|Any CPU
		{625B9646-B45F-4D84-A8BB-3A91F1F7C3CF}.Debug|Any CPU.Build.0 = Debug|Any CPU
		{625B9646-B45F-4D84-A8BB-3A91F1F7C3CF}.Release|Any CPU.ActiveCfg = Release|Any CPU
		{625B9646-B45F-4D84-A8BB-3A91F1F7C3CF}.Release|Any CPU.Build.0 = Release|Any CPU
		{B3885BD5-C212-4189-9394-D2D4B8A43F1E}.Debug|Any CPU.ActiveCfg = Debug|Any CPU
		{B3885BD5-C212-4189-9394-D2D4B8A43F1E}.Debug|Any CPU.Build.0 = Debug|Any CPU
		{B3885BD5-C212-4189-9394-D2D4B8A43F1E}.Release|Any CPU.ActiveCfg = Release|Any CPU
		{B3885BD5-C212-4189-9394-D2D4B8A43F1E}.Release|Any CPU.Build.0 = Release|Any CPU
	EndGlobalSection
	GlobalSection(SolutionProperties) = preSolution
		HideSolutionNode = FALSE
	EndGlobalSection
EndGlobal
